{
    "eightpoints/guzzle-bundle": {
        "version": "7.0",
        "recipe": {
            "repo": "github.com/symfony/recipes-contrib",
            "branch": "master",
            "version": "7.0",
            "ref": "7babb21a3928e44e485391907e3abc346804e0d2"
        },
        "files": [
            "./config/packages/eight_points_guzzle.yaml"
        ]
    },
    "frostiede/enum-bundle": {
        "version": "3.0.0"
    },
    "league/mime-type-detection": {
        "version": "1.4.0"
    },
    "mtdowling/cron-expression": {
        "version": "v1.2.3"
    },
    "php": {
        "version": "7.4"
    },
    "psr/event-dispatcher": {
        "version": "1.0.0"
    },
    "schulit/common-bundle": {
        "version": "dev-master"
    },
    "shapecode/cron-bundle": {
        "version": "4.0.2"
    },
    "symfony/deprecation-contracts": {
        "version": "v2.1.2"
    }
}
