{
    "frostiede/enum-bundle": {
        "version": "3.0.0"
    },
    "league/mime-type-detection": {
        "version": "1.4.0"
    },
    "mtdowling/cron-expression": {
        "version": "v1.2.3"
    },
    "php": {
        "version": "7.4"
    },
    "psr/event-dispatcher": {
        "version": "1.0.0"
    },
    "schulit/common-bundle": {
        "version": "dev-master"
    },
    "shapecode/cron-bundle": {
        "version": "4.0.2"
    },
    "symfony/deprecation-contracts": {
        "version": "v2.1.2"
    }
}
