{
    "bentools/webpush-bundle": {
        "version": "0.6"
    },
    "damienharper/auditor-bundle": {
        "version": "3.4.1"
    },
    "doctrine/deprecations": {
        "version": "v0.5.3"
    },
    "doctrine/sql-formatter": {
        "version": "1.1.1"
    },
    "eightpoints/guzzle-bundle": {
        "version": "7.0",
        "recipe": {
            "repo": "github.com/symfony/recipes-contrib",
            "branch": "master",
            "version": "7.0",
            "ref": "7babb21a3928e44e485391907e3abc346804e0d2"
        },
        "files": [
            "./config/packages/eight_points_guzzle.yaml"
        ]
    },
    "friendsofphp/proxy-manager-lts": {
        "version": "v1.0.3"
    },
    "frostiede/enum-bundle": {
        "version": "3.0.0"
    },
    "fzaninotto/faker": {
        "version": "v1.9.2"
    },
    "lcobucci/clock": {
        "version": "2.0.0"
    },
    "league/mime-type-detection": {
        "version": "1.4.0"
    },
    "lightsaml/lightsaml": {
        "version": "1.4.1"
    },
    "lightsaml/sp-bundle": {
        "version": "1.2.1"
    },
    "lightsaml/symfony-bridge": {
        "version": "1.3.0"
    },
    "mtdowling/cron-expression": {
        "version": "v1.2.3"
    },
    "paragonie/sodium_compat": {
        "version": "v1.15.4"
    },
    "php": {
        "version": "7.4"
    },
    "phpstan/phpdoc-parser": {
        "version": "0.4.10"
    },
    "psr/event-dispatcher": {
        "version": "1.0.0"
    },
    "ralouphie/mimey": {
        "version": "2.1.0"
    },
    "schulit/common-bundle": {
        "version": "dev-master"
    },
    "shapecode/cron-bundle": {
        "version": "4.0.2"
    },
    "symfony/deprecation-contracts": {
        "version": "v2.1.2"
    },
    "symfony/http-client-contracts": {
        "version": "v2.3.1"
    },
    "symfony/lock": {
        "version": "v4.4.16"
    },
    "symfony/proxy-manager-bridge": {
        "version": "v4.4.18"
    },
    "symfony/security-core": {
        "version": "v4.4.15"
    },
    "symfony/security-csrf": {
        "version": "v4.4.15"
    },
    "symfony/security-guard": {
        "version": "v4.4.15"
    },
    "symfony/security-http": {
        "version": "v4.4.15"
    },
    "web-token/jwt-signature-algorithm-eddsa": {
        "version": "v1.3.10"
    },
    "web-token/jwt-signature-algorithm-hmac": {
        "version": "v1.3.10"
    },
    "web-token/jwt-signature-algorithm-none": {
        "version": "v1.3.10"
    },
    "web-token/jwt-signature-algorithm-rsa": {
        "version": "v1.3.10"
    }
}
